
Microsoft Visual Studio Solution File, Format Version 12.00
# Visual Studio Version 17
VisualStudioVersion = 17.14.36616.10 d17.14
MinimumVisualStudioVersion = 10.0.40219.1
Project("{FAE04EC0-301F-11D3-BF4B-00C04F79EFBC}") = "Institute.API", "Institute.API\Institute.API.csproj", "{3A65B122-89FD-4328-BA50-9DACBE347321}"
EndProject
Project("{FAE04EC0-301F-11D3-BF4B-00C04F79EFBC}") = "Institute.Application", "Institute.Application\Institute.Application.csproj", "{E0602E46-14ED-4DF5-9E89-B32EFA8A09E6}"
EndProject
Project("{FAE04EC0-301F-11D3-BF4B-00C04F79EFBC}") = "Institute.Infrastructure", "Institute.Infrastructure\Institute.Infrastructure.csproj", "{DC0A52F3-0A9C-4B9F-905A-87299646527F}"
EndProject
Project("{FAE04EC0-301F-11D3-BF4B-00C04F79EFBC}") = "Institute.Domain", "Institute.Domain\Institute.Domain.csproj", "{37957863-5BA8-4726-AC7A-6FFB933FFD30}"
EndProject
Global
	GlobalSection(SolutionConfigurationPlatforms) = preSolution
		Debug|Any CPU = Debug|Any CPU
		Release|Any CPU = Release|Any CPU
	EndGlobalSection
	GlobalSection(ProjectConfigurationPlatforms) = postSolution
		{3A65B122-89FD-4328-BA50-9DACBE347321}.Debug|Any CPU.ActiveCfg = Debug|Any CPU
		{3A65B122-89FD-4328-BA50-9DACBE347321}.Debug|Any CPU.Build.0 = Debug|Any CPU
		{3A65B122-89FD-4328-BA50-9DACBE347321}.Release|Any CPU.ActiveCfg = Release|Any CPU
		{3A65B122-89FD-4328-BA50-9DACBE347321}.Release|Any CPU.Build.0 = Release|Any CPU
		{E0602E46-14ED-4DF5-9E89-B32EFA8A09E6}.Debug|Any CPU.ActiveCfg = Debug|Any CPU
		{E0602E46-14ED-4DF5-9E89-B32EFA8A09E6}.Debug|Any CPU.Build.0 = Debug|Any CPU
		{E0602E46-14ED-4DF5-9E89-B32EFA8A09E6}.Release|Any CPU.ActiveCfg = Release|Any CPU
		{E0602E46-14ED-4DF5-9E89-B32EFA8A09E6}.Release|Any CPU.Build.0 = Release|Any CPU
		{DC0A52F3-0A9C-4B9F-905A-87299646527F}.Debug|Any CPU.ActiveCfg = Debug|Any CPU
		{DC0A52F3-0A9C-4B9F-905A-87299646527F}.Debug|Any CPU.Build.0 = Debug|Any CPU
		{DC0A52F3-0A9C-4B9F-905A-87299646527F}.Release|Any CPU.ActiveCfg = Release|Any CPU
		{DC0A52F3-0A9C-4B9F-905A-87299646527F}.Release|Any CPU.Build.0 = Release|Any CPU
		{37957863-5BA8-4726-AC7A-6FFB933FFD30}.Debug|Any CPU.ActiveCfg = Debug|Any CPU
		{37957863-5BA8-4726-AC7A-6FFB933FFD30}.Debug|Any CPU.Build.0 = Debug|Any CPU
		{37957863-5BA8-4726-AC7A-6FFB933FFD30}.Release|Any CPU.ActiveCfg = Release|Any CPU
		{37957863-5BA8-4726-AC7A-6FFB933FFD30}.Release|Any CPU.Build.0 = Release|Any CPU
	EndGlobalSection
	GlobalSection(SolutionProperties) = preSolution
		HideSolutionNode = FALSE
	EndGlobalSection
	GlobalSection(ExtensibilityGlobals) = postSolution
		SolutionGuid = {A01C3C69-640F-4579-ABDD-A2C5836FAD4E}
	EndGlobalSection
EndGlobal
